// !$*UTF8*$!
{
	archiveVersion = 1;
	classes = {
	};
	objectVersion = 50;
	objects = {

/* Begin PBXBuildFile section */
		65E8D31925E89BE50078BBE9 /* AppDelegate.swift in Sources */ = {isa = PBXBuildFile; fileRef = 65E8D31825E89BE50078BBE9 /* AppDelegate.swift */; };
		65E8D31B25E89BE50078BBE9 /* SceneDelegate.swift in Sources */ = {isa = PBXBuildFile; fileRef = 65E8D31A25E89BE50078BBE9 /* SceneDelegate.swift */; };
		65E8D31D25E89BE50078BBE9 /* ViewController.swift in Sources */ = {isa = PBXBuildFile; fileRef = 65E8D31C25E89BE50078BBE9 /* ViewController.swift */; };
		65E8D32025E89BE50078BBE9 /* Main.storyboard in Resources */ = {isa = PBXBuildFile; fileRef = 65E8D31E25E89BE50078BBE9 /* Main.storyboard */; };
		65E8D32225E89BEA0078BBE9 /* Assets.xcassets in Resources */ = {isa = PBXBuildFile; fileRef = 65E8D32125E89BEA0078BBE9 /* Assets.xcassets */; };
		65E8D32525E89BEA0078BBE9 /* LaunchScreen.storyboard in Resources */ = {isa = PBXBuildFile; fileRef = 65E8D32325E89BEA0078BBE9 /* LaunchScreen.storyboard */; };
		BCA744D625E9511100A5B402 /* Elenco.swift in Sources */ = {isa = PBXBuildFile; fileRef = BCA744D525E9511100A5B402 /* Elenco.swift */; };
		BCA744D925E9512C00A5B402 /* DetalheFilme.swift in Sources */ = {isa = PBXBuildFile; fileRef = BCA744D825E9512C00A5B402 /* DetalheFilme.swift */; };
		BCA744DC25E9517300A5B402 /* DetalheFilmeVC.swift in Sources */ = {isa = PBXBuildFile; fileRef = BCA744DB25E9517300A5B402 /* DetalheFilmeVC.swift */; };
		BCA744DF25E951E000A5B402 /* DetalheFilme.storyboard in Resources */ = {isa = PBXBuildFile; fileRef = BCA744DE25E951E000A5B402 /* DetalheFilme.storyboard */; };
		BCA744E325E9526300A5B402 /* TrailerFilmeTableViewCell.swift in Sources */ = {isa = PBXBuildFile; fileRef = BCA744E125E9526300A5B402 /* TrailerFilmeTableViewCell.swift */; };
		BCA744E425E9526300A5B402 /* TrailerFilmeTableViewCell.xib in Resources */ = {isa = PBXBuildFile; fileRef = BCA744E225E9526300A5B402 /* TrailerFilmeTableViewCell.xib */; };
		BCA744EF25E9534300A5B402 /* ElencoCollectionViewCell.swift in Sources */ = {isa = PBXBuildFile; fileRef = BCA744ED25E9534300A5B402 /* ElencoCollectionViewCell.swift */; };
		BCA744F025E9534300A5B402 /* ElencoCollectionViewCell.xib in Resources */ = {isa = PBXBuildFile; fileRef = BCA744EE25E9534300A5B402 /* ElencoCollectionViewCell.xib */; };
/* End PBXBuildFile section */

/* Begin PBXFileReference section */
		65E8D31525E89BE50078BBE9 /* CineRoom.app */ = {isa = PBXFileReference; explicitFileType = wrapper.application; includeInIndex = 0; path = CineRoom.app; sourceTree = BUILT_PRODUCTS_DIR; };
		65E8D31825E89BE50078BBE9 /* AppDelegate.swift */ = {isa = PBXFileReference; lastKnownFileType = sourcecode.swift; path = AppDelegate.swift; sourceTree = "<group>"; };
		65E8D31A25E89BE50078BBE9 /* SceneDelegate.swift */ = {isa = PBXFileReference; lastKnownFileType = sourcecode.swift; path = SceneDelegate.swift; sourceTree = "<group>"; };
		65E8D31C25E89BE50078BBE9 /* ViewController.swift */ = {isa = PBXFileReference; lastKnownFileType = sourcecode.swift; path = ViewController.swift; sourceTree = "<group>"; };
		65E8D31F25E89BE50078BBE9 /* Base */ = {isa = PBXFileReference; lastKnownFileType = file.storyboard; name = Base; path = Base.lproj/Main.storyboard; sourceTree = "<group>"; };
		65E8D32125E89BEA0078BBE9 /* Assets.xcassets */ = {isa = PBXFileReference; lastKnownFileType = folder.assetcatalog; path = Assets.xcassets; sourceTree = "<group>"; };
		65E8D32425E89BEA0078BBE9 /* Base */ = {isa = PBXFileReference; lastKnownFileType = file.storyboard; name = Base; path = Base.lproj/LaunchScreen.storyboard; sourceTree = "<group>"; };
		65E8D32625E89BEA0078BBE9 /* Info.plist */ = {isa = PBXFileReference; lastKnownFileType = text.plist.xml; path = Info.plist; sourceTree = "<group>"; };
		BCA744D525E9511100A5B402 /* Elenco.swift */ = {isa = PBXFileReference; lastKnownFileType = sourcecode.swift; path = Elenco.swift; sourceTree = "<group>"; };
		BCA744D825E9512C00A5B402 /* DetalheFilme.swift */ = {isa = PBXFileReference; lastKnownFileType = sourcecode.swift; path = DetalheFilme.swift; sourceTree = "<group>"; };
		BCA744DB25E9517300A5B402 /* DetalheFilmeVC.swift */ = {isa = PBXFileReference; lastKnownFileType = sourcecode.swift; path = DetalheFilmeVC.swift; sourceTree = "<group>"; };
		BCA744DE25E951E000A5B402 /* DetalheFilme.storyboard */ = {isa = PBXFileReference; lastKnownFileType = file.storyboard; path = DetalheFilme.storyboard; sourceTree = "<group>"; };
		BCA744E125E9526300A5B402 /* TrailerFilmeTableViewCell.swift */ = {isa = PBXFileReference; lastKnownFileType = sourcecode.swift; path = TrailerFilmeTableViewCell.swift; sourceTree = "<group>"; };
		BCA744E225E9526300A5B402 /* TrailerFilmeTableViewCell.xib */ = {isa = PBXFileReference; lastKnownFileType = file.xib; path = TrailerFilmeTableViewCell.xib; sourceTree = "<group>"; };
		BCA744ED25E9534300A5B402 /* ElencoCollectionViewCell.swift */ = {isa = PBXFileReference; lastKnownFileType = sourcecode.swift; path = ElencoCollectionViewCell.swift; sourceTree = "<group>"; };
		BCA744EE25E9534300A5B402 /* ElencoCollectionViewCell.xib */ = {isa = PBXFileReference; lastKnownFileType = file.xib; path = ElencoCollectionViewCell.xib; sourceTree = "<group>"; };
/* End PBXFileReference section */

/* Begin PBXFrameworksBuildPhase section */
		65E8D31225E89BE50078BBE9 /* Frameworks */ = {
			isa = PBXFrameworksBuildPhase;
			buildActionMask = 2147483647;
			files = (
			);
			runOnlyForDeploymentPostprocessing = 0;
		};
/* End PBXFrameworksBuildPhase section */

/* Begin PBXGroup section */
		65E8D30C25E89BE50078BBE9 = {
			isa = PBXGroup;
			children = (
				65E8D31725E89BE50078BBE9 /* CineRoom */,
				65E8D31625E89BE50078BBE9 /* Products */,
			);
			sourceTree = "<group>";
		};
		65E8D31625E89BE50078BBE9 /* Products */ = {
			isa = PBXGroup;
			children = (
				65E8D31525E89BE50078BBE9 /* CineRoom.app */,
			);
			name = Products;
			sourceTree = "<group>";
		};
		65E8D31725E89BE50078BBE9 /* CineRoom */ = {
			isa = PBXGroup;
			children = (
				65E8D31825E89BE50078BBE9 /* AppDelegate.swift */,
				65E8D31A25E89BE50078BBE9 /* SceneDelegate.swift */,
				65E8D31C25E89BE50078BBE9 /* ViewController.swift */,
				65E8D31E25E89BE50078BBE9 /* Main.storyboard */,
				65E8D32125E89BEA0078BBE9 /* Assets.xcassets */,
				65E8D32325E89BEA0078BBE9 /* LaunchScreen.storyboard */,
				65E8D32625E89BEA0078BBE9 /* Info.plist */,
				BCA744D525E9511100A5B402 /* Elenco.swift */,
				BCA744D825E9512C00A5B402 /* DetalheFilme.swift */,
				BCA744DB25E9517300A5B402 /* DetalheFilmeVC.swift */,
				BCA744DE25E951E000A5B402 /* DetalheFilme.storyboard */,
				BCA744E125E9526300A5B402 /* TrailerFilmeTableViewCell.swift */,
				BCA744E225E9526300A5B402 /* TrailerFilmeTableViewCell.xib */,
				BCA744ED25E9534300A5B402 /* ElencoCollectionViewCell.swift */,
				BCA744EE25E9534300A5B402 /* ElencoCollectionViewCell.xib */,
			);
			path = CineRoom;
			sourceTree = "<group>";
		};
/* End PBXGroup section */

/* Begin PBXNativeTarget section */
		65E8D31425E89BE50078BBE9 /* CineRoom */ = {
			isa = PBXNativeTarget;
			buildConfigurationList = 65E8D32925E89BEA0078BBE9 /* Build configuration list for PBXNativeTarget "CineRoom" */;
			buildPhases = (
				65E8D31125E89BE50078BBE9 /* Sources */,
				65E8D31225E89BE50078BBE9 /* Frameworks */,
				65E8D31325E89BE50078BBE9 /* Resources */,
			);
			buildRules = (
			);
			dependencies = (
			);
			name = CineRoom;
			productName = CineRoom;
			productReference = 65E8D31525E89BE50078BBE9 /* CineRoom.app */;
			productType = "com.apple.product-type.application";
		};
/* End PBXNativeTarget section */

/* Begin PBXProject section */
		65E8D30D25E89BE50078BBE9 /* Project object */ = {
			isa = PBXProject;
			attributes = {
				LastSwiftUpdateCheck = 1240;
				LastUpgradeCheck = 1240;
				TargetAttributes = {
					65E8D31425E89BE50078BBE9 = {
						CreatedOnToolsVersion = 12.4;
					};
				};
			};
			buildConfigurationList = 65E8D31025E89BE50078BBE9 /* Build configuration list for PBXProject "CineRoom" */;
			compatibilityVersion = "Xcode 9.3";
			developmentRegion = en;
			hasScannedForEncodings = 0;
			knownRegions = (
				en,
				Base,
			);
			mainGroup = 65E8D30C25E89BE50078BBE9;
			productRefGroup = 65E8D31625E89BE50078BBE9 /* Products */;
			projectDirPath = "";
			projectRoot = "";
			targets = (
				65E8D31425E89BE50078BBE9 /* CineRoom */,
			);
		};
/* End PBXProject section */

/* Begin PBXResourcesBuildPhase section */
		65E8D31325E89BE50078BBE9 /* Resources */ = {
			isa = PBXResourcesBuildPhase;
			buildActionMask = 2147483647;
			files = (
				65E8D32525E89BEA0078BBE9 /* LaunchScreen.storyboard in Resources */,
				65E8D32225E89BEA0078BBE9 /* Assets.xcassets in Resources */,
				BCA744F025E9534300A5B402 /* ElencoCollectionViewCell.xib in Resources */,
				BCA744E425E9526300A5B402 /* TrailerFilmeTableViewCell.xib in Resources */,
				BCA744DF25E951E000A5B402 /* DetalheFilme.storyboard in Resources */,
				65E8D32025E89BE50078BBE9 /* Main.storyboard in Resources */,
			);
			runOnlyForDeploymentPostprocessing = 0;
		};
/* End PBXResourcesBuildPhase section */

/* Begin PBXSourcesBuildPhase section */
		65E8D31125E89BE50078BBE9 /* Sources */ = {
			isa = PBXSourcesBuildPhase;
			buildActionMask = 2147483647;
			files = (
				65E8D31D25E89BE50078BBE9 /* ViewController.swift in Sources */,
				BCA744E325E9526300A5B402 /* TrailerFilmeTableViewCell.swift in Sources */,
				BCA744D625E9511100A5B402 /* Elenco.swift in Sources */,
				65E8D31925E89BE50078BBE9 /* AppDelegate.swift in Sources */,
				BCA744D925E9512C00A5B402 /* DetalheFilme.swift in Sources */,
				BCA744DC25E9517300A5B402 /* DetalheFilmeVC.swift in Sources */,
				BCA744EF25E9534300A5B402 /* ElencoCollectionViewCell.swift in Sources */,
				65E8D31B25E89BE50078BBE9 /* SceneDelegate.swift in Sources */,
			);
			runOnlyForDeploymentPostprocessing = 0;
		};
/* End PBXSourcesBuildPhase section */

/* Begin PBXVariantGroup section */
		65E8D31E25E89BE50078BBE9 /* Main.storyboard */ = {
			isa = PBXVariantGroup;
			children = (
				65E8D31F25E89BE50078BBE9 /* Base */,
			);
			name = Main.storyboard;
			sourceTree = "<group>";
		};
		65E8D32325E89BEA0078BBE9 /* LaunchScreen.storyboard */ = {
			isa = PBXVariantGroup;
			children = (
				65E8D32425E89BEA0078BBE9 /* Base */,
			);
			name = LaunchScreen.storyboard;
			sourceTree = "<group>";
		};
/* End PBXVariantGroup section */

/* Begin XCBuildConfiguration section */
		65E8D32725E89BEA0078BBE9 /* Debug */ = {
			isa = XCBuildConfiguration;
			buildSettings = {
				ALWAYS_SEARCH_USER_PATHS = NO;
				CLANG_ANALYZER_NONNULL = YES;
				CLANG_ANALYZER_NUMBER_OBJECT_CONVERSION = YES_AGGRESSIVE;
				CLANG_CXX_LANGUAGE_STANDARD = "gnu++14";
				CLANG_CXX_LIBRARY = "libc++";
				CLANG_ENABLE_MODULES = YES;
				CLANG_ENABLE_OBJC_ARC = YES;
				CLANG_ENABLE_OBJC_WEAK = YES;
				CLANG_WARN_BLOCK_CAPTURE_AUTORELEASING = YES;
				CLANG_WARN_BOOL_CONVERSION = YES;
				CLANG_WARN_COMMA = YES;
				CLANG_WARN_CONSTANT_CONVERSION = YES;
				CLANG_WARN_DEPRECATED_OBJC_IMPLEMENTATIONS = YES;
				CLANG_WARN_DIRECT_OBJC_ISA_USAGE = YES_ERROR;
				CLANG_WARN_DOCUMENTATION_COMMENTS = YES;
				CLANG_WARN_EMPTY_BODY = YES;
				CLANG_WARN_ENUM_CONVERSION = YES;
				CLANG_WARN_INFINITE_RECURSION = YES;
				CLANG_WARN_INT_CONVERSION = YES;
				CLANG_WARN_NON_LITERAL_NULL_CONVERSION = YES;
				CLANG_WARN_OBJC_IMPLICIT_RETAIN_SELF = YES;
				CLANG_WARN_OBJC_LITERAL_CONVERSION = YES;
				CLANG_WARN_OBJC_ROOT_CLASS = YES_ERROR;
				CLANG_WARN_QUOTED_INCLUDE_IN_FRAMEWORK_HEADER = YES;
				CLANG_WARN_RANGE_LOOP_ANALYSIS = YES;
				CLANG_WARN_STRICT_PROTOTYPES = YES;
				CLANG_WARN_SUSPICIOUS_MOVE = YES;
				CLANG_WARN_UNGUARDED_AVAILABILITY = YES_AGGRESSIVE;
				CLANG_WARN_UNREACHABLE_CODE = YES;
				CLANG_WARN__DUPLICATE_METHOD_MATCH = YES;
				COPY_PHASE_STRIP = NO;
				DEBUG_INFORMATION_FORMAT = dwarf;
				ENABLE_STRICT_OBJC_MSGSEND = YES;
				ENABLE_TESTABILITY = YES;
				GCC_C_LANGUAGE_STANDARD = gnu11;
				GCC_DYNAMIC_NO_PIC = NO;
				GCC_NO_COMMON_BLOCKS = YES;
				GCC_OPTIMIZATION_LEVEL = 0;
				GCC_PREPROCESSOR_DEFINITIONS = (
					"DEBUG=1",
					"$(inherited)",
				);
				GCC_WARN_64_TO_32_BIT_CONVERSION = YES;
				GCC_WARN_ABOUT_RETURN_TYPE = YES_ERROR;
				GCC_WARN_UNDECLARED_SELECTOR = YES;
				GCC_WARN_UNINITIALIZED_AUTOS = YES_AGGRESSIVE;
				GCC_WARN_UNUSED_FUNCTION = YES;
				GCC_WARN_UNUSED_VARIABLE = YES;
				IPHONEOS_DEPLOYMENT_TARGET = 14.4;
				MTL_ENABLE_DEBUG_INFO = INCLUDE_SOURCE;
				MTL_FAST_MATH = YES;
				ONLY_ACTIVE_ARCH = YES;
				SDKROOT = iphoneos;
				SWIFT_ACTIVE_COMPILATION_CONDITIONS = DEBUG;
				SWIFT_OPTIMIZATION_LEVEL = "-Onone";
			};
			name = Debug;
		};
		65E8D32825E89BEA0078BBE9 /* Release */ = {
			isa = XCBuildConfiguration;
			buildSettings = {
				ALWAYS_SEARCH_USER_PATHS = NO;
				CLANG_ANALYZER_NONNULL = YES;
				CLANG_ANALYZER_NUMBER_OBJECT_CONVERSION = YES_AGGRESSIVE;
				CLANG_CXX_LANGUAGE_STANDARD = "gnu++14";
				CLANG_CXX_LIBRARY = "libc++";
				CLANG_ENABLE_MODULES = YES;
				CLANG_ENABLE_OBJC_ARC = YES;
				CLANG_ENABLE_OBJC_WEAK = YES;
				CLANG_WARN_BLOCK_CAPTURE_AUTORELEASING = YES;
				CLANG_WARN_BOOL_CONVERSION = YES;
				CLANG_WARN_COMMA = YES;
				CLANG_WARN_CONSTANT_CONVERSION = YES;
				CLANG_WARN_DEPRECATED_OBJC_IMPLEMENTATIONS = YES;
				CLANG_WARN_DIRECT_OBJC_ISA_USAGE = YES_ERROR;
				CLANG_WARN_DOCUMENTATION_COMMENTS = YES;
				CLANG_WARN_EMPTY_BODY = YES;
				CLANG_WARN_ENUM_CONVERSION = YES;
				CLANG_WARN_INFINITE_RECURSION = YES;
				CLANG_WARN_INT_CONVERSION = YES;
				CLANG_WARN_NON_LITERAL_NULL_CONVERSION = YES;
				CLANG_WARN_OBJC_IMPLICIT_RETAIN_SELF = YES;
				CLANG_WARN_OBJC_LITERAL_CONVERSION = YES;
				CLANG_WARN_OBJC_ROOT_CLASS = YES_ERROR;
				CLANG_WARN_QUOTED_INCLUDE_IN_FRAMEWORK_HEADER = YES;
				CLANG_WARN_RANGE_LOOP_ANALYSIS = YES;
				CLANG_WARN_STRICT_PROTOTYPES = YES;
				CLANG_WARN_SUSPICIOUS_MOVE = YES;
				CLANG_WARN_UNGUARDED_AVAILABILITY = YES_AGGRESSIVE;
				CLANG_WARN_UNREACHABLE_CODE = YES;
				CLANG_WARN__DUPLICATE_METHOD_MATCH = YES;
				COPY_PHASE_STRIP = NO;
				DEBUG_INFORMATION_FORMAT = "dwarf-with-dsym";
				ENABLE_NS_ASSERTIONS = NO;
				ENABLE_STRICT_OBJC_MSGSEND = YES;
				GCC_C_LANGUAGE_STANDARD = gnu11;
				GCC_NO_COMMON_BLOCKS = YES;
				GCC_WARN_64_TO_32_BIT_CONVERSION = YES;
				GCC_WARN_ABOUT_RETURN_TYPE = YES_ERROR;
				GCC_WARN_UNDECLARED_SELECTOR = YES;
				GCC_WARN_UNINITIALIZED_AUTOS = YES_AGGRESSIVE;
				GCC_WARN_UNUSED_FUNCTION = YES;
				GCC_WARN_UNUSED_VARIABLE = YES;
				IPHONEOS_DEPLOYMENT_TARGET = 14.4;
				MTL_ENABLE_DEBUG_INFO = NO;
				MTL_FAST_MATH = YES;
				SDKROOT = iphoneos;
				SWIFT_COMPILATION_MODE = wholemodule;
				SWIFT_OPTIMIZATION_LEVEL = "-O";
				VALIDATE_PRODUCT = YES;
			};
			name = Release;
		};
		65E8D32A25E89BEA0078BBE9 /* Debug */ = {
			isa = XCBuildConfiguration;
			buildSettings = {
				ASSETCATALOG_COMPILER_APPICON_NAME = AppIcon;
				ASSETCATALOG_COMPILER_GLOBAL_ACCENT_COLOR_NAME = AccentColor;
				CODE_SIGN_STYLE = Automatic;
				INFOPLIST_FILE = CineRoom/Info.plist;
				IPHONEOS_DEPLOYMENT_TARGET = 14.3;
				LD_RUNPATH_SEARCH_PATHS = (
					"$(inherited)",
					"@executable_path/Frameworks",
				);
				PRODUCT_BUNDLE_IDENTIFIER = TurmaIOS.CineRoom;
				PRODUCT_NAME = "$(TARGET_NAME)";
				SWIFT_VERSION = 5.0;
				TARGETED_DEVICE_FAMILY = "1,2";
			};
			name = Debug;
		};
		65E8D32B25E89BEA0078BBE9 /* Release */ = {
			isa = XCBuildConfiguration;
			buildSettings = {
				ASSETCATALOG_COMPILER_APPICON_NAME = AppIcon;
				ASSETCATALOG_COMPILER_GLOBAL_ACCENT_COLOR_NAME = AccentColor;
				CODE_SIGN_STYLE = Automatic;
				INFOPLIST_FILE = CineRoom/Info.plist;
				IPHONEOS_DEPLOYMENT_TARGET = 14.3;
				LD_RUNPATH_SEARCH_PATHS = (
					"$(inherited)",
					"@executable_path/Frameworks",
				);
				PRODUCT_BUNDLE_IDENTIFIER = TurmaIOS.CineRoom;
				PRODUCT_NAME = "$(TARGET_NAME)";
				SWIFT_VERSION = 5.0;
				TARGETED_DEVICE_FAMILY = "1,2";
			};
			name = Release;
		};
/* End XCBuildConfiguration section */

/* Begin XCConfigurationList section */
		65E8D31025E89BE50078BBE9 /* Build configuration list for PBXProject "CineRoom" */ = {
			isa = XCConfigurationList;
			buildConfigurations = (
				65E8D32725E89BEA0078BBE9 /* Debug */,
				65E8D32825E89BEA0078BBE9 /* Release */,
			);
			defaultConfigurationIsVisible = 0;
			defaultConfigurationName = Release;
		};
		65E8D32925E89BEA0078BBE9 /* Build configuration list for PBXNativeTarget "CineRoom" */ = {
			isa = XCConfigurationList;
			buildConfigurations = (
				65E8D32A25E89BEA0078BBE9 /* Debug */,
				65E8D32B25E89BEA0078BBE9 /* Release */,
			);
			defaultConfigurationIsVisible = 0;
			defaultConfigurationName = Release;
		};
/* End XCConfigurationList section */
	};
	rootObject = 65E8D30D25E89BE50078BBE9 /* Project object */;
}
